{
  "object": {
    "pins": [
      {
        "package": "Files",
        "repositoryURL": "https://github.com/DanielCech/Files.git",
        "state": {
          "branch": null,
          "revision": "184d07f1cebdce4bc3de508f03761c7afa883bcd",
          "version": "2.2.3"
        }
      },
      {
        "package": "Moderator",
        "repositoryURL": "https://github.com/DanielCech/Moderator.git",
        "state": {
          "branch": null,
          "revision": "0abc9e4d49ff3b96036ee387f629c2dff003baa7",
          "version": "0.5.1"
        }
      },
      {
        "package": "SwiftShell",
        "repositoryURL": "https://github.com/kareman/SwiftShell.git",
        "state": {
          "branch": null,
          "revision": "beebe43c986d89ea5359ac3adcb42dac94e5e08a",
          "version": "4.1.2"
        }
      }
    ]
  },
  "version": 1
}
